// !$*UTF8*$!
{
	archiveVersion = 1;
	classes = {
	};
	objectVersion = 46;
	objects = {

/* Begin PBXBuildFile section */
		C5DB32001BD4E5E5009FC2A9 /* VideoPlayerViewController.swift in Sources */ = {isa = PBXBuildFile; fileRef = C5DB31FF1BD4E5E5009FC2A9 /* VideoPlayerViewController.swift */; };
		C5DB32021BD4F859009FC2A9 /* ThemesViewController.swift in Sources */ = {isa = PBXBuildFile; fileRef = C5DB32011BD4F859009FC2A9 /* ThemesViewController.swift */; };
		E3B2E3991BD4C7A90015DD6B /* AppDelegate.swift in Sources */ = {isa = PBXBuildFile; fileRef = E3B2E3981BD4C7A90015DD6B /* AppDelegate.swift */; };
		E3B2E39B1BD4C7A90015DD6B /* FirstViewController.swift in Sources */ = {isa = PBXBuildFile; fileRef = E3B2E39A1BD4C7A90015DD6B /* FirstViewController.swift */; };
		E3B2E39D1BD4C7A90015DD6B /* SecondViewController.swift in Sources */ = {isa = PBXBuildFile; fileRef = E3B2E39C1BD4C7A90015DD6B /* SecondViewController.swift */; };
		E3B2E3A01BD4C7A90015DD6B /* Main.storyboard in Resources */ = {isa = PBXBuildFile; fileRef = E3B2E39E1BD4C7A90015DD6B /* Main.storyboard */; };
		E3B2E3A21BD4C7A90015DD6B /* Assets.xcassets in Resources */ = {isa = PBXBuildFile; fileRef = E3B2E3A11BD4C7A90015DD6B /* Assets.xcassets */; };
		E3B2E3AB1BD4EF090015DD6B /* Catalog.swift in Sources */ = {isa = PBXBuildFile; fileRef = E3B2E3AA1BD4EF090015DD6B /* Catalog.swift */; };
		E3B2E3AD1BD4F38C0015DD6B /* Theme.swift in Sources */ = {isa = PBXBuildFile; fileRef = E3B2E3AC1BD4F38C0015DD6B /* Theme.swift */; };
		E3B2E3AF1BD4FBEC0015DD6B /* AwesomeNetworkLayer.swift in Sources */ = {isa = PBXBuildFile; fileRef = E3B2E3AE1BD4FBEC0015DD6B /* AwesomeNetworkLayer.swift */; };
		E3B2E3B11BD4FECD0015DD6B /* Video.swift in Sources */ = {isa = PBXBuildFile; fileRef = E3B2E3B01BD4FECD0015DD6B /* Video.swift */; };
		E3B2E3B31BD5175E0015DD6B /* PlayableVideo.swift in Sources */ = {isa = PBXBuildFile; fileRef = E3B2E3B21BD5175E0015DD6B /* PlayableVideo.swift */; };
/* End PBXBuildFile section */

/* Begin PBXFileReference section */
		C5DB31FF1BD4E5E5009FC2A9 /* VideoPlayerViewController.swift */ = {isa = PBXFileReference; fileEncoding = 4; lastKnownFileType = sourcecode.swift; path = VideoPlayerViewController.swift; sourceTree = "<group>"; };
		C5DB32011BD4F859009FC2A9 /* ThemesViewController.swift */ = {isa = PBXFileReference; fileEncoding = 4; lastKnownFileType = sourcecode.swift; path = ThemesViewController.swift; sourceTree = "<group>"; };
		E3B2E3951BD4C7A90015DD6B /* BrickTV.app */ = {isa = PBXFileReference; explicitFileType = wrapper.application; includeInIndex = 0; path = BrickTV.app; sourceTree = BUILT_PRODUCTS_DIR; };
		E3B2E3981BD4C7A90015DD6B /* AppDelegate.swift */ = {isa = PBXFileReference; lastKnownFileType = sourcecode.swift; path = AppDelegate.swift; sourceTree = "<group>"; };
		E3B2E39A1BD4C7A90015DD6B /* FirstViewController.swift */ = {isa = PBXFileReference; lastKnownFileType = sourcecode.swift; path = FirstViewController.swift; sourceTree = "<group>"; };
		E3B2E39C1BD4C7A90015DD6B /* SecondViewController.swift */ = {isa = PBXFileReference; lastKnownFileType = sourcecode.swift; path = SecondViewController.swift; sourceTree = "<group>"; };
		E3B2E39F1BD4C7A90015DD6B /* Base */ = {isa = PBXFileReference; lastKnownFileType = file.storyboard; name = Base; path = Base.lproj/Main.storyboard; sourceTree = "<group>"; };
		E3B2E3A11BD4C7A90015DD6B /* Assets.xcassets */ = {isa = PBXFileReference; lastKnownFileType = folder.assetcatalog; path = Assets.xcassets; sourceTree = "<group>"; };
		E3B2E3A31BD4C7A90015DD6B /* Info.plist */ = {isa = PBXFileReference; lastKnownFileType = text.plist.xml; path = Info.plist; sourceTree = "<group>"; };
		E3B2E3AA1BD4EF090015DD6B /* Catalog.swift */ = {isa = PBXFileReference; fileEncoding = 4; lastKnownFileType = sourcecode.swift; path = Catalog.swift; sourceTree = "<group>"; };
		E3B2E3AC1BD4F38C0015DD6B /* Theme.swift */ = {isa = PBXFileReference; fileEncoding = 4; lastKnownFileType = sourcecode.swift; path = Theme.swift; sourceTree = "<group>"; };
		E3B2E3AE1BD4FBEC0015DD6B /* AwesomeNetworkLayer.swift */ = {isa = PBXFileReference; fileEncoding = 4; lastKnownFileType = sourcecode.swift; path = AwesomeNetworkLayer.swift; sourceTree = "<group>"; };
		E3B2E3B01BD4FECD0015DD6B /* Video.swift */ = {isa = PBXFileReference; fileEncoding = 4; lastKnownFileType = sourcecode.swift; path = Video.swift; sourceTree = "<group>"; };
		E3B2E3B21BD5175E0015DD6B /* PlayableVideo.swift */ = {isa = PBXFileReference; fileEncoding = 4; lastKnownFileType = sourcecode.swift; path = PlayableVideo.swift; sourceTree = "<group>"; };
/* End PBXFileReference section */

/* Begin PBXFrameworksBuildPhase section */
		E3B2E3921BD4C7A90015DD6B /* Frameworks */ = {
			isa = PBXFrameworksBuildPhase;
			buildActionMask = 2147483647;
			files = (
			);
			runOnlyForDeploymentPostprocessing = 0;
		};
/* End PBXFrameworksBuildPhase section */

/* Begin PBXGroup section */
		E3B2E38C1BD4C7A90015DD6B = {
			isa = PBXGroup;
			children = (
				E3B2E3971BD4C7A90015DD6B /* BrickTV */,
				E3B2E3961BD4C7A90015DD6B /* Products */,
			);
			sourceTree = "<group>";
		};
		E3B2E3961BD4C7A90015DD6B /* Products */ = {
			isa = PBXGroup;
			children = (
				E3B2E3951BD4C7A90015DD6B /* BrickTV.app */,
			);
			name = Products;
			sourceTree = "<group>";
		};
		E3B2E3971BD4C7A90015DD6B /* BrickTV */ = {
			isa = PBXGroup;
			children = (
				E3B2E3A91BD4EEF70015DD6B /* Models */,
				E3B2E3981BD4C7A90015DD6B /* AppDelegate.swift */,
				E3B2E39A1BD4C7A90015DD6B /* FirstViewController.swift */,
				E3B2E39C1BD4C7A90015DD6B /* SecondViewController.swift */,
				E3B2E39E1BD4C7A90015DD6B /* Main.storyboard */,
				E3B2E3A11BD4C7A90015DD6B /* Assets.xcassets */,
				E3B2E3A31BD4C7A90015DD6B /* Info.plist */,
				C5DB31FF1BD4E5E5009FC2A9 /* VideoPlayerViewController.swift */,
				E3B2E3AE1BD4FBEC0015DD6B /* AwesomeNetworkLayer.swift */,
				C5DB32011BD4F859009FC2A9 /* ThemesViewController.swift */,
			);
			path = BrickTV;
			sourceTree = "<group>";
		};
		E3B2E3A91BD4EEF70015DD6B /* Models */ = {
			isa = PBXGroup;
			children = (
				E3B2E3AA1BD4EF090015DD6B /* Catalog.swift */,
				E3B2E3AC1BD4F38C0015DD6B /* Theme.swift */,
				E3B2E3B01BD4FECD0015DD6B /* Video.swift */,
				E3B2E3B21BD5175E0015DD6B /* PlayableVideo.swift */,
			);
			name = Models;
			sourceTree = "<group>";
		};
/* End PBXGroup section */

/* Begin PBXNativeTarget section */
		E3B2E3941BD4C7A90015DD6B /* BrickTV */ = {
			isa = PBXNativeTarget;
			buildConfigurationList = E3B2E3A61BD4C7A90015DD6B /* Build configuration list for PBXNativeTarget "BrickTV" */;
			buildPhases = (
				E3B2E3911BD4C7A90015DD6B /* Sources */,
				E3B2E3921BD4C7A90015DD6B /* Frameworks */,
				E3B2E3931BD4C7A90015DD6B /* Resources */,
			);
			buildRules = (
			);
			dependencies = (
			);
			name = BrickTV;
			productName = BrickTV;
			productReference = E3B2E3951BD4C7A90015DD6B /* BrickTV.app */;
			productType = "com.apple.product-type.application";
		};
/* End PBXNativeTarget section */

/* Begin PBXProject section */
		E3B2E38D1BD4C7A90015DD6B /* Project object */ = {
			isa = PBXProject;
			attributes = {
				LastUpgradeCheck = 0710;
				ORGANIZATIONNAME = LEGO;
				TargetAttributes = {
					E3B2E3941BD4C7A90015DD6B = {
						CreatedOnToolsVersion = 7.1;
					};
				};
			};
			buildConfigurationList = E3B2E3901BD4C7A90015DD6B /* Build configuration list for PBXProject "BrickTV" */;
			compatibilityVersion = "Xcode 3.2";
			developmentRegion = English;
			hasScannedForEncodings = 0;
			knownRegions = (
				en,
				Base,
			);
			mainGroup = E3B2E38C1BD4C7A90015DD6B;
			productRefGroup = E3B2E3961BD4C7A90015DD6B /* Products */;
			projectDirPath = "";
			projectRoot = "";
			targets = (
				E3B2E3941BD4C7A90015DD6B /* BrickTV */,
			);
		};
/* End PBXProject section */

/* Begin PBXResourcesBuildPhase section */
		E3B2E3931BD4C7A90015DD6B /* Resources */ = {
			isa = PBXResourcesBuildPhase;
			buildActionMask = 2147483647;
			files = (
				E3B2E3A21BD4C7A90015DD6B /* Assets.xcassets in Resources */,
				E3B2E3A01BD4C7A90015DD6B /* Main.storyboard in Resources */,
			);
			runOnlyForDeploymentPostprocessing = 0;
		};
/* End PBXResourcesBuildPhase section */

/* Begin PBXSourcesBuildPhase section */
		E3B2E3911BD4C7A90015DD6B /* Sources */ = {
			isa = PBXSourcesBuildPhase;
			buildActionMask = 2147483647;
			files = (
				E3B2E3AF1BD4FBEC0015DD6B /* AwesomeNetworkLayer.swift in Sources */,
				E3B2E39D1BD4C7A90015DD6B /* SecondViewController.swift in Sources */,
				C5DB32001BD4E5E5009FC2A9 /* VideoPlayerViewController.swift in Sources */,
				E3B2E3991BD4C7A90015DD6B /* AppDelegate.swift in Sources */,
				E3B2E3B31BD5175E0015DD6B /* PlayableVideo.swift in Sources */,
				E3B2E3AD1BD4F38C0015DD6B /* Theme.swift in Sources */,
				E3B2E3B11BD4FECD0015DD6B /* Video.swift in Sources */,
				E3B2E39B1BD4C7A90015DD6B /* FirstViewController.swift in Sources */,
				E3B2E3AB1BD4EF090015DD6B /* Catalog.swift in Sources */,
				C5DB32021BD4F859009FC2A9 /* ThemesViewController.swift in Sources */,
			);
			runOnlyForDeploymentPostprocessing = 0;
		};
/* End PBXSourcesBuildPhase section */

/* Begin PBXVariantGroup section */
		E3B2E39E1BD4C7A90015DD6B /* Main.storyboard */ = {
			isa = PBXVariantGroup;
			children = (
				E3B2E39F1BD4C7A90015DD6B /* Base */,
			);
			name = Main.storyboard;
			sourceTree = "<group>";
		};
/* End PBXVariantGroup section */

/* Begin XCBuildConfiguration section */
		E3B2E3A41BD4C7A90015DD6B /* Debug */ = {
			isa = XCBuildConfiguration;
			buildSettings = {
				ALWAYS_SEARCH_USER_PATHS = NO;
				CLANG_CXX_LANGUAGE_STANDARD = "gnu++0x";
				CLANG_CXX_LIBRARY = "libc++";
				CLANG_ENABLE_MODULES = YES;
				CLANG_ENABLE_OBJC_ARC = YES;
				CLANG_WARN_BOOL_CONVERSION = YES;
				CLANG_WARN_CONSTANT_CONVERSION = YES;
				CLANG_WARN_DIRECT_OBJC_ISA_USAGE = YES_ERROR;
				CLANG_WARN_EMPTY_BODY = YES;
				CLANG_WARN_ENUM_CONVERSION = YES;
				CLANG_WARN_INT_CONVERSION = YES;
				CLANG_WARN_OBJC_ROOT_CLASS = YES_ERROR;
				CLANG_WARN_UNREACHABLE_CODE = YES;
				CLANG_WARN__DUPLICATE_METHOD_MATCH = YES;
				COPY_PHASE_STRIP = NO;
				DEBUG_INFORMATION_FORMAT = dwarf;
				ENABLE_STRICT_OBJC_MSGSEND = YES;
				ENABLE_TESTABILITY = YES;
				GCC_C_LANGUAGE_STANDARD = gnu99;
				GCC_DYNAMIC_NO_PIC = NO;
				GCC_NO_COMMON_BLOCKS = YES;
				GCC_OPTIMIZATION_LEVEL = 0;
				GCC_PREPROCESSOR_DEFINITIONS = (
					"DEBUG=1",
					"$(inherited)",
				);
				GCC_WARN_64_TO_32_BIT_CONVERSION = YES;
				GCC_WARN_ABOUT_RETURN_TYPE = YES_ERROR;
				GCC_WARN_UNDECLARED_SELECTOR = YES;
				GCC_WARN_UNINITIALIZED_AUTOS = YES_AGGRESSIVE;
				GCC_WARN_UNUSED_FUNCTION = YES;
				GCC_WARN_UNUSED_VARIABLE = YES;
				MTL_ENABLE_DEBUG_INFO = YES;
				ONLY_ACTIVE_ARCH = YES;
				SDKROOT = appletvos;
				SWIFT_OPTIMIZATION_LEVEL = "-Onone";
				TARGETED_DEVICE_FAMILY = 3;
				TVOS_DEPLOYMENT_TARGET = 9.0;
			};
			name = Debug;
		};
		E3B2E3A51BD4C7A90015DD6B /* Release */ = {
			isa = XCBuildConfiguration;
			buildSettings = {
				ALWAYS_SEARCH_USER_PATHS = NO;
				CLANG_CXX_LANGUAGE_STANDARD = "gnu++0x";
				CLANG_CXX_LIBRARY = "libc++";
				CLANG_ENABLE_MODULES = YES;
				CLANG_ENABLE_OBJC_ARC = YES;
				CLANG_WARN_BOOL_CONVERSION = YES;
				CLANG_WARN_CONSTANT_CONVERSION = YES;
				CLANG_WARN_DIRECT_OBJC_ISA_USAGE = YES_ERROR;
				CLANG_WARN_EMPTY_BODY = YES;
				CLANG_WARN_ENUM_CONVERSION = YES;
				CLANG_WARN_INT_CONVERSION = YES;
				CLANG_WARN_OBJC_ROOT_CLASS = YES_ERROR;
				CLANG_WARN_UNREACHABLE_CODE = YES;
				CLANG_WARN__DUPLICATE_METHOD_MATCH = YES;
				COPY_PHASE_STRIP = NO;
				DEBUG_INFORMATION_FORMAT = "dwarf-with-dsym";
				ENABLE_NS_ASSERTIONS = NO;
				ENABLE_STRICT_OBJC_MSGSEND = YES;
				GCC_C_LANGUAGE_STANDARD = gnu99;
				GCC_NO_COMMON_BLOCKS = YES;
				GCC_WARN_64_TO_32_BIT_CONVERSION = YES;
				GCC_WARN_ABOUT_RETURN_TYPE = YES_ERROR;
				GCC_WARN_UNDECLARED_SELECTOR = YES;
				GCC_WARN_UNINITIALIZED_AUTOS = YES_AGGRESSIVE;
				GCC_WARN_UNUSED_FUNCTION = YES;
				GCC_WARN_UNUSED_VARIABLE = YES;
				MTL_ENABLE_DEBUG_INFO = NO;
				SDKROOT = appletvos;
				TARGETED_DEVICE_FAMILY = 3;
				TVOS_DEPLOYMENT_TARGET = 9.0;
				VALIDATE_PRODUCT = YES;
			};
			name = Release;
		};
		E3B2E3A71BD4C7A90015DD6B /* Debug */ = {
			isa = XCBuildConfiguration;
			buildSettings = {
				ASSETCATALOG_COMPILER_APPICON_NAME = "App Icon & Top Shelf Image";
				ASSETCATALOG_COMPILER_LAUNCHIMAGE_NAME = LaunchImage;
				INFOPLIST_FILE = BrickTV/Info.plist;
				LD_RUNPATH_SEARCH_PATHS = "$(inherited) @executable_path/Frameworks";
				PRODUCT_BUNDLE_IDENTIFIER = com.lego.BrickTV;
				PRODUCT_NAME = "$(TARGET_NAME)";
			};
			name = Debug;
		};
		E3B2E3A81BD4C7A90015DD6B /* Release */ = {
			isa = XCBuildConfiguration;
			buildSettings = {
				ASSETCATALOG_COMPILER_APPICON_NAME = "App Icon & Top Shelf Image";
				ASSETCATALOG_COMPILER_LAUNCHIMAGE_NAME = LaunchImage;
				INFOPLIST_FILE = BrickTV/Info.plist;
				LD_RUNPATH_SEARCH_PATHS = "$(inherited) @executable_path/Frameworks";
				PRODUCT_BUNDLE_IDENTIFIER = com.lego.BrickTV;
				PRODUCT_NAME = "$(TARGET_NAME)";
			};
			name = Release;
		};
/* End XCBuildConfiguration section */

/* Begin XCConfigurationList section */
		E3B2E3901BD4C7A90015DD6B /* Build configuration list for PBXProject "BrickTV" */ = {
			isa = XCConfigurationList;
			buildConfigurations = (
				E3B2E3A41BD4C7A90015DD6B /* Debug */,
				E3B2E3A51BD4C7A90015DD6B /* Release */,
			);
			defaultConfigurationIsVisible = 0;
			defaultConfigurationName = Release;
		};
		E3B2E3A61BD4C7A90015DD6B /* Build configuration list for PBXNativeTarget "BrickTV" */ = {
			isa = XCConfigurationList;
			buildConfigurations = (
				E3B2E3A71BD4C7A90015DD6B /* Debug */,
				E3B2E3A81BD4C7A90015DD6B /* Release */,
			);
			defaultConfigurationIsVisible = 0;
			defaultConfigurationName = Release;
		};
/* End XCConfigurationList section */
	};
	rootObject = E3B2E38D1BD4C7A90015DD6B /* Project object */;
}
